// !$*UTF8*$!
{
	archiveVersion = 1;
	classes = {
	};
	objectVersion = 46;
	objects = {

/* Begin PBXBuildFile section */
		8C730B351E0501C700551112 /* main.m in Sources */ = {isa = PBXBuildFile; fileRef = 8C730B341E0501C700551112 /* main.m */; };
		8C730B381E0501C700551112 /* AppDelegate.m in Sources */ = {isa = PBXBuildFile; fileRef = 8C730B371E0501C700551112 /* AppDelegate.m */; };
		8C730B3B1E0501C700551112 /* ViewController.m in Sources */ = {isa = PBXBuildFile; fileRef = 8C730B3A1E0501C700551112 /* ViewController.m */; };
		8C730B3E1E0501C700551112 /* Main.storyboard in Resources */ = {isa = PBXBuildFile; fileRef = 8C730B3C1E0501C700551112 /* Main.storyboard */; };
		8C730B411E0501C700551112 /* Travis.xcdatamodeld in Sources */ = {isa = PBXBuildFile; fileRef = 8C730B3F1E0501C700551112 /* Travis.xcdatamodeld */; };
		8C730B431E0501C700551112 /* Assets.xcassets in Resources */ = {isa = PBXBuildFile; fileRef = 8C730B421E0501C700551112 /* Assets.xcassets */; };
		8C730B461E0501C700551112 /* LaunchScreen.storyboard in Resources */ = {isa = PBXBuildFile; fileRef = 8C730B441E0501C700551112 /* LaunchScreen.storyboard */; };
		8C730B511E0501C700551112 /* TravisTests.m in Sources */ = {isa = PBXBuildFile; fileRef = 8C730B501E0501C700551112 /* TravisTests.m */; };
		8C730B5C1E0501C700551112 /* TravisUITests.m in Sources */ = {isa = PBXBuildFile; fileRef = 8C730B5B1E0501C700551112 /* TravisUITests.m */; };
/* End PBXBuildFile section */

/* Begin PBXContainerItemProxy section */
		8C730B4D1E0501C700551112 /* PBXContainerItemProxy */ = {
			isa = PBXContainerItemProxy;
			containerPortal = 8C730B281E0501C600551112 /* Project object */;
			proxyType = 1;
			remoteGlobalIDString = 8C730B2F1E0501C600551112;
			remoteInfo = Travis;
		};
		8C730B581E0501C700551112 /* PBXContainerItemProxy */ = {
			isa = PBXContainerItemProxy;
			containerPortal = 8C730B281E0501C600551112 /* Project object */;
			proxyType = 1;
			remoteGlobalIDString = 8C730B2F1E0501C600551112;
			remoteInfo = Travis;
		};
/* End PBXContainerItemProxy section */

/* Begin PBXFileReference section */
		8C730B301E0501C600551112 /* Travis.app */ = {isa = PBXFileReference; explicitFileType = wrapper.application; includeInIndex = 0; path = Travis.app; sourceTree = BUILT_PRODUCTS_DIR; };
		8C730B341E0501C700551112 /* main.m */ = {isa = PBXFileReference; lastKnownFileType = sourcecode.c.objc; path = main.m; sourceTree = "<group>"; };
		8C730B361E0501C700551112 /* AppDelegate.h */ = {isa = PBXFileReference; lastKnownFileType = sourcecode.c.h; path = AppDelegate.h; sourceTree = "<group>"; };
		8C730B371E0501C700551112 /* AppDelegate.m */ = {isa = PBXFileReference; lastKnownFileType = sourcecode.c.objc; path = AppDelegate.m; sourceTree = "<group>"; };
		8C730B391E0501C700551112 /* ViewController.h */ = {isa = PBXFileReference; lastKnownFileType = sourcecode.c.h; path = ViewController.h; sourceTree = "<group>"; };
		8C730B3A1E0501C700551112 /* ViewController.m */ = {isa = PBXFileReference; lastKnownFileType = sourcecode.c.objc; path = ViewController.m; sourceTree = "<group>"; };
		8C730B3D1E0501C700551112 /* Base */ = {isa = PBXFileReference; lastKnownFileType = file.storyboard; name = Base; path = Base.lproj/Main.storyboard; sourceTree = "<group>"; };
		8C730B401E0501C700551112 /* Travis.xcdatamodel */ = {isa = PBXFileReference; lastKnownFileType = wrapper.xcdatamodel; path = Travis.xcdatamodel; sourceTree = "<group>"; };
		8C730B421E0501C700551112 /* Assets.xcassets */ = {isa = PBXFileReference; lastKnownFileType = folder.assetcatalog; path = Assets.xcassets; sourceTree = "<group>"; };
		8C730B451E0501C700551112 /* Base */ = {isa = PBXFileReference; lastKnownFileType = file.storyboard; name = Base; path = Base.lproj/LaunchScreen.storyboard; sourceTree = "<group>"; };
		8C730B471E0501C700551112 /* Info.plist */ = {isa = PBXFileReference; lastKnownFileType = text.plist.xml; path = Info.plist; sourceTree = "<group>"; };
		8C730B4C1E0501C700551112 /* TravisTests.xctest */ = {isa = PBXFileReference; explicitFileType = wrapper.cfbundle; includeInIndex = 0; path = TravisTests.xctest; sourceTree = BUILT_PRODUCTS_DIR; };
		8C730B501E0501C700551112 /* TravisTests.m */ = {isa = PBXFileReference; lastKnownFileType = sourcecode.c.objc; path = TravisTests.m; sourceTree = "<group>"; };
		8C730B521E0501C700551112 /* Info.plist */ = {isa = PBXFileReference; lastKnownFileType = text.plist.xml; path = Info.plist; sourceTree = "<group>"; };
		8C730B571E0501C700551112 /* TravisUITests.xctest */ = {isa = PBXFileReference; explicitFileType = wrapper.cfbundle; includeInIndex = 0; path = TravisUITests.xctest; sourceTree = BUILT_PRODUCTS_DIR; };
		8C730B5B1E0501C700551112 /* TravisUITests.m */ = {isa = PBXFileReference; lastKnownFileType = sourcecode.c.objc; path = TravisUITests.m; sourceTree = "<group>"; };
		8C730B5D1E0501C700551112 /* Info.plist */ = {isa = PBXFileReference; lastKnownFileType = text.plist.xml; path = Info.plist; sourceTree = "<group>"; };
/* End PBXFileReference section */

/* Begin PBXFrameworksBuildPhase section */
		8C730B2D1E0501C600551112 /* Frameworks */ = {
			isa = PBXFrameworksBuildPhase;
			buildActionMask = 2147483647;
			files = (
			);
			runOnlyForDeploymentPostprocessing = 0;
		};
		8C730B491E0501C700551112 /* Frameworks */ = {
			isa = PBXFrameworksBuildPhase;
			buildActionMask = 2147483647;
			files = (
			);
			runOnlyForDeploymentPostprocessing = 0;
		};
		8C730B541E0501C700551112 /* Frameworks */ = {
			isa = PBXFrameworksBuildPhase;
			buildActionMask = 2147483647;
			files = (
			);
			runOnlyForDeploymentPostprocessing = 0;
		};
/* End PBXFrameworksBuildPhase section */

/* Begin PBXGroup section */
		8C730B271E0501C600551112 = {
			isa = PBXGroup;
			children = (
				8C730B321E0501C700551112 /* Travis */,
				8C730B4F1E0501C700551112 /* TravisTests */,
				8C730B5A1E0501C700551112 /* TravisUITests */,
				8C730B311E0501C600551112 /* Products */,
			);
			sourceTree = "<group>";
		};
		8C730B311E0501C600551112 /* Products */ = {
			isa = PBXGroup;
			children = (
				8C730B301E0501C600551112 /* Travis.app */,
				8C730B4C1E0501C700551112 /* TravisTests.xctest */,
				8C730B571E0501C700551112 /* TravisUITests.xctest */,
			);
			name = Products;
			sourceTree = "<group>";
		};
		8C730B321E0501C700551112 /* Travis */ = {
			isa = PBXGroup;
			children = (
				8C730B361E0501C700551112 /* AppDelegate.h */,
				8C730B371E0501C700551112 /* AppDelegate.m */,
				8C730B391E0501C700551112 /* ViewController.h */,
				8C730B3A1E0501C700551112 /* ViewController.m */,
				8C730B3C1E0501C700551112 /* Main.storyboard */,
				8C730B421E0501C700551112 /* Assets.xcassets */,
				8C730B441E0501C700551112 /* LaunchScreen.storyboard */,
				8C730B471E0501C700551112 /* Info.plist */,
				8C730B3F1E0501C700551112 /* Travis.xcdatamodeld */,
				8C730B331E0501C700551112 /* Supporting Files */,
			);
			path = Travis;
			sourceTree = "<group>";
		};
		8C730B331E0501C700551112 /* Supporting Files */ = {
			isa = PBXGroup;
			children = (
				8C730B341E0501C700551112 /* main.m */,
			);
			name = "Supporting Files";
			sourceTree = "<group>";
		};
		8C730B4F1E0501C700551112 /* TravisTests */ = {
			isa = PBXGroup;
			children = (
				8C730B501E0501C700551112 /* TravisTests.m */,
				8C730B521E0501C700551112 /* Info.plist */,
			);
			path = TravisTests;
			sourceTree = "<group>";
		};
		8C730B5A1E0501C700551112 /* TravisUITests */ = {
			isa = PBXGroup;
			children = (
				8C730B5B1E0501C700551112 /* TravisUITests.m */,
				8C730B5D1E0501C700551112 /* Info.plist */,
			);
			path = TravisUITests;
			sourceTree = "<group>";
		};
/* End PBXGroup section */

/* Begin PBXNativeTarget section */
		8C730B2F1E0501C600551112 /* Travis */ = {
			isa = PBXNativeTarget;
			buildConfigurationList = 8C730B601E0501C700551112 /* Build configuration list for PBXNativeTarget "Travis" */;
			buildPhases = (
				8C730B2C1E0501C600551112 /* Sources */,
				8C730B2D1E0501C600551112 /* Frameworks */,
				8C730B2E1E0501C600551112 /* Resources */,
			);
			buildRules = (
			);
			dependencies = (
			);
			name = Travis;
			productName = Travis;
			productReference = 8C730B301E0501C600551112 /* Travis.app */;
			productType = "com.apple.product-type.application";
		};
		8C730B4B1E0501C700551112 /* TravisTests */ = {
			isa = PBXNativeTarget;
			buildConfigurationList = 8C730B631E0501C700551112 /* Build configuration list for PBXNativeTarget "TravisTests" */;
			buildPhases = (
				8C730B481E0501C700551112 /* Sources */,
				8C730B491E0501C700551112 /* Frameworks */,
				8C730B4A1E0501C700551112 /* Resources */,
			);
			buildRules = (
			);
			dependencies = (
				8C730B4E1E0501C700551112 /* PBXTargetDependency */,
			);
			name = TravisTests;
			productName = TravisTests;
			productReference = 8C730B4C1E0501C700551112 /* TravisTests.xctest */;
			productType = "com.apple.product-type.bundle.unit-test";
		};
		8C730B561E0501C700551112 /* TravisUITests */ = {
			isa = PBXNativeTarget;
			buildConfigurationList = 8C730B661E0501C700551112 /* Build configuration list for PBXNativeTarget "TravisUITests" */;
			buildPhases = (
				8C730B531E0501C700551112 /* Sources */,
				8C730B541E0501C700551112 /* Frameworks */,
				8C730B551E0501C700551112 /* Resources */,
			);
			buildRules = (
			);
			dependencies = (
				8C730B591E0501C700551112 /* PBXTargetDependency */,
			);
			name = TravisUITests;
			productName = TravisUITests;
			productReference = 8C730B571E0501C700551112 /* TravisUITests.xctest */;
			productType = "com.apple.product-type.bundle.ui-testing";
		};
/* End PBXNativeTarget section */

/* Begin PBXProject section */
		8C730B281E0501C600551112 /* Project object */ = {
			isa = PBXProject;
			attributes = {
				LastUpgradeCheck = 0730;
				ORGANIZATIONNAME = "Jayesh Sojitra";
				TargetAttributes = {
					8C730B2F1E0501C600551112 = {
						CreatedOnToolsVersion = 7.3;
					};
					8C730B4B1E0501C700551112 = {
						CreatedOnToolsVersion = 7.3;
						TestTargetID = 8C730B2F1E0501C600551112;
					};
					8C730B561E0501C700551112 = {
						CreatedOnToolsVersion = 7.3;
						TestTargetID = 8C730B2F1E0501C600551112;
					};
				};
			};
			buildConfigurationList = 8C730B2B1E0501C600551112 /* Build configuration list for PBXProject "Travis" */;
			compatibilityVersion = "Xcode 3.2";
			developmentRegion = English;
			hasScannedForEncodings = 0;
			knownRegions = (
				en,
				Base,
			);
			mainGroup = 8C730B271E0501C600551112;
			productRefGroup = 8C730B311E0501C600551112 /* Products */;
			projectDirPath = "";
			projectRoot = "";
			targets = (
				8C730B2F1E0501C600551112 /* Travis */,
				8C730B4B1E0501C700551112 /* TravisTests */,
				8C730B561E0501C700551112 /* TravisUITests */,
			);
		};
/* End PBXProject section */

/* Begin PBXResourcesBuildPhase section */
		8C730B2E1E0501C600551112 /* Resources */ = {
			isa = PBXResourcesBuildPhase;
			buildActionMask = 2147483647;
			files = (
				8C730B461E0501C700551112 /* LaunchScreen.storyboard in Resources */,
				8C730B431E0501C700551112 /* Assets.xcassets in Resources */,
				8C730B3E1E0501C700551112 /* Main.storyboard in Resources */,
			);
			runOnlyForDeploymentPostprocessing = 0;
		};
		8C730B4A1E0501C700551112 /* Resources */ = {
			isa = PBXResourcesBuildPhase;
			buildActionMask = 2147483647;
			files = (
			);
			runOnlyForDeploymentPostprocessing = 0;
		};
		8C730B551E0501C700551112 /* Resources */ = {
			isa = PBXResourcesBuildPhase;
			buildActionMask = 2147483647;
			files = (
			);
			runOnlyForDeploymentPostprocessing = 0;
		};
/* End PBXResourcesBuildPhase section */

/* Begin PBXSourcesBuildPhase section */
		8C730B2C1E0501C600551112 /* Sources */ = {
			isa = PBXSourcesBuildPhase;
			buildActionMask = 2147483647;
			files = (
				8C730B411E0501C700551112 /* Travis.xcdatamodeld in Sources */,
				8C730B3B1E0501C700551112 /* ViewController.m in Sources */,
				8C730B381E0501C700551112 /* AppDelegate.m in Sources */,
				8C730B351E0501C700551112 /* main.m in Sources */,
			);
			runOnlyForDeploymentPostprocessing = 0;
		};
		8C730B481E0501C700551112 /* Sources */ = {
			isa = PBXSourcesBuildPhase;
			buildActionMask = 2147483647;
			files = (
				8C730B511E0501C700551112 /* TravisTests.m in Sources */,
			);
			runOnlyForDeploymentPostprocessing = 0;
		};
		8C730B531E0501C700551112 /* Sources */ = {
			isa = PBXSourcesBuildPhase;
			buildActionMask = 2147483647;
			files = (
				8C730B5C1E0501C700551112 /* TravisUITests.m in Sources */,
			);
			runOnlyForDeploymentPostprocessing = 0;
		};
/* End PBXSourcesBuildPhase section */

/* Begin PBXTargetDependency section */
		8C730B4E1E0501C700551112 /* PBXTargetDependency */ = {
			isa = PBXTargetDependency;
			target = 8C730B2F1E0501C600551112 /* Travis */;
			targetProxy = 8C730B4D1E0501C700551112 /* PBXContainerItemProxy */;
		};
		8C730B591E0501C700551112 /* PBXTargetDependency */ = {
			isa = PBXTargetDependency;
			target = 8C730B2F1E0501C600551112 /* Travis */;
			targetProxy = 8C730B581E0501C700551112 /* PBXContainerItemProxy */;
		};
/* End PBXTargetDependency section */

/* Begin PBXVariantGroup section */
		8C730B3C1E0501C700551112 /* Main.storyboard */ = {
			isa = PBXVariantGroup;
			children = (
				8C730B3D1E0501C700551112 /* Base */,
			);
			name = Main.storyboard;
			sourceTree = "<group>";
		};
		8C730B441E0501C700551112 /* LaunchScreen.storyboard */ = {
			isa = PBXVariantGroup;
			children = (
				8C730B451E0501C700551112 /* Base */,
			);
			name = LaunchScreen.storyboard;
			sourceTree = "<group>";
		};
/* End PBXVariantGroup section */

/* Begin XCBuildConfiguration section */
		8C730B5E1E0501C700551112 /* Debug */ = {
			isa = XCBuildConfiguration;
			buildSettings = {
				ALWAYS_SEARCH_USER_PATHS = NO;
				CLANG_ANALYZER_NONNULL = YES;
				CLANG_CXX_LANGUAGE_STANDARD = "gnu++0x";
				CLANG_CXX_LIBRARY = "libc++";
				CLANG_ENABLE_MODULES = YES;
				CLANG_ENABLE_OBJC_ARC = YES;
				CLANG_WARN_BOOL_CONVERSION = YES;
				CLANG_WARN_CONSTANT_CONVERSION = YES;
				CLANG_WARN_DIRECT_OBJC_ISA_USAGE = YES_ERROR;
				CLANG_WARN_EMPTY_BODY = YES;
				CLANG_WARN_ENUM_CONVERSION = YES;
				CLANG_WARN_INT_CONVERSION = YES;
				CLANG_WARN_OBJC_ROOT_CLASS = YES_ERROR;
				CLANG_WARN_UNREACHABLE_CODE = YES;
				CLANG_WARN__DUPLICATE_METHOD_MATCH = YES;
				"CODE_SIGN_IDENTITY[sdk=iphoneos*]" = "iPhone Developer";
				COPY_PHASE_STRIP = NO;
				DEBUG_INFORMATION_FORMAT = dwarf;
				ENABLE_STRICT_OBJC_MSGSEND = YES;
				ENABLE_TESTABILITY = YES;
				GCC_C_LANGUAGE_STANDARD = gnu99;
				GCC_DYNAMIC_NO_PIC = NO;
				GCC_NO_COMMON_BLOCKS = YES;
				GCC_OPTIMIZATION_LEVEL = 0;
				GCC_PREPROCESSOR_DEFINITIONS = (
					"DEBUG=1",
					"$(inherited)",
				);
				GCC_WARN_64_TO_32_BIT_CONVERSION = YES;
				GCC_WARN_ABOUT_RETURN_TYPE = YES_ERROR;
				GCC_WARN_UNDECLARED_SELECTOR = YES;
				GCC_WARN_UNINITIALIZED_AUTOS = YES_AGGRESSIVE;
				GCC_WARN_UNUSED_FUNCTION = YES;
				GCC_WARN_UNUSED_VARIABLE = YES;
				IPHONEOS_DEPLOYMENT_TARGET = 9.3;
				MTL_ENABLE_DEBUG_INFO = YES;
				ONLY_ACTIVE_ARCH = YES;
				SDKROOT = iphoneos;
				TARGETED_DEVICE_FAMILY = "1,2";
			};
			name = Debug;
		};
		8C730B5F1E0501C700551112 /* Release */ = {
			isa = XCBuildConfiguration;
			buildSettings = {
				ALWAYS_SEARCH_USER_PATHS = NO;
				CLANG_ANALYZER_NONNULL = YES;
				CLANG_CXX_LANGUAGE_STANDARD = "gnu++0x";
				CLANG_CXX_LIBRARY = "libc++";
				CLANG_ENABLE_MODULES = YES;
				CLANG_ENABLE_OBJC_ARC = YES;
				CLANG_WARN_BOOL_CONVERSION = YES;
				CLANG_WARN_CONSTANT_CONVERSION = YES;
				CLANG_WARN_DIRECT_OBJC_ISA_USAGE = YES_ERROR;
				CLANG_WARN_EMPTY_BODY = YES;
				CLANG_WARN_ENUM_CONVERSION = YES;
				CLANG_WARN_INT_CONVERSION = YES;
				CLANG_WARN_OBJC_ROOT_CLASS = YES_ERROR;
				CLANG_WARN_UNREACHABLE_CODE = YES;
				CLANG_WARN__DUPLICATE_METHOD_MATCH = YES;
				"CODE_SIGN_IDENTITY[sdk=iphoneos*]" = "iPhone Developer";
				COPY_PHASE_STRIP = NO;
				DEBUG_INFORMATION_FORMAT = "dwarf-with-dsym";
				ENABLE_NS_ASSERTIONS = NO;
				ENABLE_STRICT_OBJC_MSGSEND = YES;
				GCC_C_LANGUAGE_STANDARD = gnu99;
				GCC_NO_COMMON_BLOCKS = YES;
				GCC_WARN_64_TO_32_BIT_CONVERSION = YES;
				GCC_WARN_ABOUT_RETURN_TYPE = YES_ERROR;
				GCC_WARN_UNDECLARED_SELECTOR = YES;
				GCC_WARN_UNINITIALIZED_AUTOS = YES_AGGRESSIVE;
				GCC_WARN_UNUSED_FUNCTION = YES;
				GCC_WARN_UNUSED_VARIABLE = YES;
				IPHONEOS_DEPLOYMENT_TARGET = 9.3;
				MTL_ENABLE_DEBUG_INFO = NO;
				SDKROOT = iphoneos;
				TARGETED_DEVICE_FAMILY = "1,2";
				VALIDATE_PRODUCT = YES;
			};
			name = Release;
		};
		8C730B611E0501C700551112 /* Debug */ = {
			isa = XCBuildConfiguration;
			buildSettings = {
				ASSETCATALOG_COMPILER_APPICON_NAME = AppIcon;
				INFOPLIST_FILE = Travis/Info.plist;
				LD_RUNPATH_SEARCH_PATHS = "$(inherited) @executable_path/Frameworks";
				PRODUCT_BUNDLE_IDENTIFIER = com.jsojitra.Travis;
				PRODUCT_NAME = "$(TARGET_NAME)";
			};
			name = Debug;
		};
		8C730B621E0501C700551112 /* Release */ = {
			isa = XCBuildConfiguration;
			buildSettings = {
				ASSETCATALOG_COMPILER_APPICON_NAME = AppIcon;
				INFOPLIST_FILE = Travis/Info.plist;
				LD_RUNPATH_SEARCH_PATHS = "$(inherited) @executable_path/Frameworks";
				PRODUCT_BUNDLE_IDENTIFIER = com.jsojitra.Travis;
				PRODUCT_NAME = "$(TARGET_NAME)";
			};
			name = Release;
		};
		8C730B641E0501C700551112 /* Debug */ = {
			isa = XCBuildConfiguration;
			buildSettings = {
				BUNDLE_LOADER = "$(TEST_HOST)";
				INFOPLIST_FILE = TravisTests/Info.plist;
				LD_RUNPATH_SEARCH_PATHS = "$(inherited) @executable_path/Frameworks @loader_path/Frameworks";
				PRODUCT_BUNDLE_IDENTIFIER = com.jsojitra.TravisTests;
				PRODUCT_NAME = "$(TARGET_NAME)";
				TEST_HOST = "$(BUILT_PRODUCTS_DIR)/Travis.app/Travis";
			};
			name = Debug;
		};
		8C730B651E0501C700551112 /* Release */ = {
			isa = XCBuildConfiguration;
			buildSettings = {
				BUNDLE_LOADER = "$(TEST_HOST)";
				INFOPLIST_FILE = TravisTests/Info.plist;
				LD_RUNPATH_SEARCH_PATHS = "$(inherited) @executable_path/Frameworks @loader_path/Frameworks";
				PRODUCT_BUNDLE_IDENTIFIER = com.jsojitra.TravisTests;
				PRODUCT_NAME = "$(TARGET_NAME)";
				TEST_HOST = "$(BUILT_PRODUCTS_DIR)/Travis.app/Travis";
			};
			name = Release;
		};
		8C730B671E0501C700551112 /* Debug */ = {
			isa = XCBuildConfiguration;
			buildSettings = {
				INFOPLIST_FILE = TravisUITests/Info.plist;
				LD_RUNPATH_SEARCH_PATHS = "$(inherited) @executable_path/Frameworks @loader_path/Frameworks";
				PRODUCT_BUNDLE_IDENTIFIER = com.jsojitra.TravisUITests;
				PRODUCT_NAME = "$(TARGET_NAME)";
				TEST_TARGET_NAME = Travis;
			};
			name = Debug;
		};
		8C730B681E0501C700551112 /* Release */ = {
			isa = XCBuildConfiguration;
			buildSettings = {
				INFOPLIST_FILE = TravisUITests/Info.plist;
				LD_RUNPATH_SEARCH_PATHS = "$(inherited) @executable_path/Frameworks @loader_path/Frameworks";
				PRODUCT_BUNDLE_IDENTIFIER = com.jsojitra.TravisUITests;
				PRODUCT_NAME = "$(TARGET_NAME)";
				TEST_TARGET_NAME = Travis;
			};
			name = Release;
		};
/* End XCBuildConfiguration section */

/* Begin XCConfigurationList section */
		8C730B2B1E0501C600551112 /* Build configuration list for PBXProject "Travis" */ = {
			isa = XCConfigurationList;
			buildConfigurations = (
				8C730B5E1E0501C700551112 /* Debug */,
				8C730B5F1E0501C700551112 /* Release */,
			);
			defaultConfigurationIsVisible = 0;
			defaultConfigurationName = Release;
		};
		8C730B601E0501C700551112 /* Build configuration list for PBXNativeTarget "Travis" */ = {
			isa = XCConfigurationList;
			buildConfigurations = (
				8C730B611E0501C700551112 /* Debug */,
				8C730B621E0501C700551112 /* Release */,
			);
			defaultConfigurationIsVisible = 0;
		};
		8C730B631E0501C700551112 /* Build configuration list for PBXNativeTarget "TravisTests" */ = {
			isa = XCConfigurationList;
			buildConfigurations = (
				8C730B641E0501C700551112 /* Debug */,
				8C730B651E0501C700551112 /* Release */,
			);
			defaultConfigurationIsVisible = 0;
		};
		8C730B661E0501C700551112 /* Build configuration list for PBXNativeTarget "TravisUITests" */ = {
			isa = XCConfigurationList;
			buildConfigurations = (
				8C730B671E0501C700551112 /* Debug */,
				8C730B681E0501C700551112 /* Release */,
			);
			defaultConfigurationIsVisible = 0;
		};
/* End XCConfigurationList section */

/* Begin XCVersionGroup section */
		8C730B3F1E0501C700551112 /* Travis.xcdatamodeld */ = {
			isa = XCVersionGroup;
			children = (
				8C730B401E0501C700551112 /* Travis.xcdatamodel */,
			);
			currentVersion = 8C730B401E0501C700551112 /* Travis.xcdatamodel */;
			path = Travis.xcdatamodeld;
			sourceTree = "<group>";
			versionGroupType = wrapper.xcdatamodel;
		};
/* End XCVersionGroup section */
	};
	rootObject = 8C730B281E0501C600551112 /* Project object */;
}
